{
  "pins" : [
    {
      "identity" : "fmprokit",
      "kind" : "remoteSourceControl",
      "location" : "https://github.com/The-Pier/FMProKit",
      "state" : {
        "branch" : "UserTesting",
        "revision" : "4c460eb21a6f048d10c6ce762002fcae1d9cafc5"
      }
    }
  ],
  "version" : 2
}
