// !$*UTF8*$!
{
	archiveVersion = 1;
	classes = {
	};
	objectVersion = 56;
	objects = {

/* Begin PBXBuildFile section */
		D8CBE8E42975A4DD00CBE0BF /* FMHotelApp.swift in Sources */ = {isa = PBXBuildFile; fileRef = D8CBE8E32975A4DD00CBE0BF /* FMHotelApp.swift */; };
		D8CBE8E62975A4DD00CBE0BF /* ContentView.swift in Sources */ = {isa = PBXBuildFile; fileRef = D8CBE8E52975A4DD00CBE0BF /* ContentView.swift */; };
		D8CBE8E82975A4DE00CBE0BF /* Assets.xcassets in Resources */ = {isa = PBXBuildFile; fileRef = D8CBE8E72975A4DE00CBE0BF /* Assets.xcassets */; };
		D8CBE8EB2975A4DE00CBE0BF /* Preview Assets.xcassets in Resources */ = {isa = PBXBuildFile; fileRef = D8CBE8EA2975A4DE00CBE0BF /* Preview Assets.xcassets */; };
		D8CBE8F32975A50E00CBE0BF /* FMProKit in Frameworks */ = {isa = PBXBuildFile; productRef = D8CBE8F22975A50E00CBE0BF /* FMProKit */; };
		D8CBE8F52975A83C00CBE0BF /* User.swift in Sources */ = {isa = PBXBuildFile; fileRef = D8CBE8F42975A83C00CBE0BF /* User.swift */; };
/* End PBXBuildFile section */

/* Begin PBXFileReference section */
		D8CBE8E02975A4DD00CBE0BF /* FMHotel.app */ = {isa = PBXFileReference; explicitFileType = wrapper.application; includeInIndex = 0; path = FMHotel.app; sourceTree = BUILT_PRODUCTS_DIR; };
		D8CBE8E32975A4DD00CBE0BF /* FMHotelApp.swift */ = {isa = PBXFileReference; lastKnownFileType = sourcecode.swift; path = FMHotelApp.swift; sourceTree = "<group>"; };
		D8CBE8E52975A4DD00CBE0BF /* ContentView.swift */ = {isa = PBXFileReference; lastKnownFileType = sourcecode.swift; path = ContentView.swift; sourceTree = "<group>"; };
		D8CBE8E72975A4DE00CBE0BF /* Assets.xcassets */ = {isa = PBXFileReference; lastKnownFileType = folder.assetcatalog; path = Assets.xcassets; sourceTree = "<group>"; };
		D8CBE8EA2975A4DE00CBE0BF /* Preview Assets.xcassets */ = {isa = PBXFileReference; lastKnownFileType = folder.assetcatalog; path = "Preview Assets.xcassets"; sourceTree = "<group>"; };
		D8CBE8F42975A83C00CBE0BF /* User.swift */ = {isa = PBXFileReference; lastKnownFileType = sourcecode.swift; path = User.swift; sourceTree = "<group>"; };
/* End PBXFileReference section */

/* Begin PBXFrameworksBuildPhase section */
		D8CBE8DD2975A4DD00CBE0BF /* Frameworks */ = {
			isa = PBXFrameworksBuildPhase;
			buildActionMask = 2147483647;
			files = (
				D8CBE8F32975A50E00CBE0BF /* FMProKit in Frameworks */,
			);
			runOnlyForDeploymentPostprocessing = 0;
		};
/* End PBXFrameworksBuildPhase section */

/* Begin PBXGroup section */
		D8CBE8D72975A4DD00CBE0BF = {
			isa = PBXGroup;
			children = (
				D8CBE8E22975A4DD00CBE0BF /* FMHotel */,
				D8CBE8E12975A4DD00CBE0BF /* Products */,
			);
			sourceTree = "<group>";
		};
		D8CBE8E12975A4DD00CBE0BF /* Products */ = {
			isa = PBXGroup;
			children = (
				D8CBE8E02975A4DD00CBE0BF /* FMHotel.app */,
			);
			name = Products;
			sourceTree = "<group>";
		};
		D8CBE8E22975A4DD00CBE0BF /* FMHotel */ = {
			isa = PBXGroup;
			children = (
				D8CBE8E32975A4DD00CBE0BF /* FMHotelApp.swift */,
				D8CBE8E52975A4DD00CBE0BF /* ContentView.swift */,
				D8CBE8E72975A4DE00CBE0BF /* Assets.xcassets */,
				D8CBE8E92975A4DE00CBE0BF /* Preview Content */,
				D8CBE8F42975A83C00CBE0BF /* User.swift */,
			);
			path = FMHotel;
			sourceTree = "<group>";
		};
		D8CBE8E92975A4DE00CBE0BF /* Preview Content */ = {
			isa = PBXGroup;
			children = (
				D8CBE8EA2975A4DE00CBE0BF /* Preview Assets.xcassets */,
			);
			path = "Preview Content";
			sourceTree = "<group>";
		};
/* End PBXGroup section */

/* Begin PBXNativeTarget section */
		D8CBE8DF2975A4DD00CBE0BF /* FMHotel */ = {
			isa = PBXNativeTarget;
			buildConfigurationList = D8CBE8EE2975A4DE00CBE0BF /* Build configuration list for PBXNativeTarget "FMHotel" */;
			buildPhases = (
				D8CBE8DC2975A4DD00CBE0BF /* Sources */,
				D8CBE8DD2975A4DD00CBE0BF /* Frameworks */,
				D8CBE8DE2975A4DD00CBE0BF /* Resources */,
			);
			buildRules = (
			);
			dependencies = (
			);
			name = FMHotel;
			packageProductDependencies = (
				D8CBE8F22975A50E00CBE0BF /* FMProKit */,
			);
			productName = FMHotel;
			productReference = D8CBE8E02975A4DD00CBE0BF /* FMHotel.app */;
			productType = "com.apple.product-type.application";
		};
/* End PBXNativeTarget section */

/* Begin PBXProject section */
		D8CBE8D82975A4DD00CBE0BF /* Project object */ = {
			isa = PBXProject;
			attributes = {
				BuildIndependentTargetsInParallel = 1;
				LastSwiftUpdateCheck = 1400;
				LastUpgradeCheck = 1400;
				TargetAttributes = {
					D8CBE8DF2975A4DD00CBE0BF = {
						CreatedOnToolsVersion = 14.0.1;
					};
				};
			};
			buildConfigurationList = D8CBE8DB2975A4DD00CBE0BF /* Build configuration list for PBXProject "FMHotel" */;
			compatibilityVersion = "Xcode 14.0";
			developmentRegion = en;
			hasScannedForEncodings = 0;
			knownRegions = (
				en,
				Base,
			);
			mainGroup = D8CBE8D72975A4DD00CBE0BF;
			packageReferences = (
				D8CBE8F12975A50E00CBE0BF /* XCRemoteSwiftPackageReference "FMProKit" */,
			);
			productRefGroup = D8CBE8E12975A4DD00CBE0BF /* Products */;
			projectDirPath = "";
			projectRoot = "";
			targets = (
				D8CBE8DF2975A4DD00CBE0BF /* FMHotel */,
			);
		};
/* End PBXProject section */

/* Begin PBXResourcesBuildPhase section */
		D8CBE8DE2975A4DD00CBE0BF /* Resources */ = {
			isa = PBXResourcesBuildPhase;
			buildActionMask = 2147483647;
			files = (
				D8CBE8EB2975A4DE00CBE0BF /* Preview Assets.xcassets in Resources */,
				D8CBE8E82975A4DE00CBE0BF /* Assets.xcassets in Resources */,
			);
			runOnlyForDeploymentPostprocessing = 0;
		};
/* End PBXResourcesBuildPhase section */

/* Begin PBXSourcesBuildPhase section */
		D8CBE8DC2975A4DD00CBE0BF /* Sources */ = {
			isa = PBXSourcesBuildPhase;
			buildActionMask = 2147483647;
			files = (
				D8CBE8E62975A4DD00CBE0BF /* ContentView.swift in Sources */,
				D8CBE8E42975A4DD00CBE0BF /* FMHotelApp.swift in Sources */,
				D8CBE8F52975A83C00CBE0BF /* User.swift in Sources */,
			);
			runOnlyForDeploymentPostprocessing = 0;
		};
/* End PBXSourcesBuildPhase section */

/* Begin XCBuildConfiguration section */
		D8CBE8EC2975A4DE00CBE0BF /* Debug */ = {
			isa = XCBuildConfiguration;
			buildSettings = {
				ALWAYS_SEARCH_USER_PATHS = NO;
				CLANG_ANALYZER_NONNULL = YES;
				CLANG_ANALYZER_NUMBER_OBJECT_CONVERSION = YES_AGGRESSIVE;
				CLANG_CXX_LANGUAGE_STANDARD = "gnu++20";
				CLANG_ENABLE_MODULES = YES;
				CLANG_ENABLE_OBJC_ARC = YES;
				CLANG_ENABLE_OBJC_WEAK = YES;
				CLANG_WARN_BLOCK_CAPTURE_AUTORELEASING = YES;
				CLANG_WARN_BOOL_CONVERSION = YES;
				CLANG_WARN_COMMA = YES;
				CLANG_WARN_CONSTANT_CONVERSION = YES;
				CLANG_WARN_DEPRECATED_OBJC_IMPLEMENTATIONS = YES;
				CLANG_WARN_DIRECT_OBJC_ISA_USAGE = YES_ERROR;
				CLANG_WARN_DOCUMENTATION_COMMENTS = YES;
				CLANG_WARN_EMPTY_BODY = YES;
				CLANG_WARN_ENUM_CONVERSION = YES;
				CLANG_WARN_INFINITE_RECURSION = YES;
				CLANG_WARN_INT_CONVERSION = YES;
				CLANG_WARN_NON_LITERAL_NULL_CONVERSION = YES;
				CLANG_WARN_OBJC_IMPLICIT_RETAIN_SELF = YES;
				CLANG_WARN_OBJC_LITERAL_CONVERSION = YES;
				CLANG_WARN_OBJC_ROOT_CLASS = YES_ERROR;
				CLANG_WARN_QUOTED_INCLUDE_IN_FRAMEWORK_HEADER = YES;
				CLANG_WARN_RANGE_LOOP_ANALYSIS = YES;
				CLANG_WARN_STRICT_PROTOTYPES = YES;
				CLANG_WARN_SUSPICIOUS_MOVE = YES;
				CLANG_WARN_UNGUARDED_AVAILABILITY = YES_AGGRESSIVE;
				CLANG_WARN_UNREACHABLE_CODE = YES;
				CLANG_WARN__DUPLICATE_METHOD_MATCH = YES;
				COPY_PHASE_STRIP = NO;
				DEBUG_INFORMATION_FORMAT = dwarf;
				ENABLE_STRICT_OBJC_MSGSEND = YES;
				ENABLE_TESTABILITY = YES;
				GCC_C_LANGUAGE_STANDARD = gnu11;
				GCC_DYNAMIC_NO_PIC = NO;
				GCC_NO_COMMON_BLOCKS = YES;
				GCC_OPTIMIZATION_LEVEL = 0;
				GCC_PREPROCESSOR_DEFINITIONS = (
					"DEBUG=1",
					"$(inherited)",
				);
				GCC_WARN_64_TO_32_BIT_CONVERSION = YES;
				GCC_WARN_ABOUT_RETURN_TYPE = YES_ERROR;
				GCC_WARN_UNDECLARED_SELECTOR = YES;
				GCC_WARN_UNINITIALIZED_AUTOS = YES_AGGRESSIVE;
				GCC_WARN_UNUSED_FUNCTION = YES;
				GCC_WARN_UNUSED_VARIABLE = YES;
				IPHONEOS_DEPLOYMENT_TARGET = 16.0;
				MTL_ENABLE_DEBUG_INFO = INCLUDE_SOURCE;
				MTL_FAST_MATH = YES;
				ONLY_ACTIVE_ARCH = YES;
				SDKROOT = iphoneos;
				SWIFT_ACTIVE_COMPILATION_CONDITIONS = DEBUG;
				SWIFT_OPTIMIZATION_LEVEL = "-Onone";
			};
			name = Debug;
		};
		D8CBE8ED2975A4DE00CBE0BF /* Release */ = {
			isa = XCBuildConfiguration;
			buildSettings = {
				ALWAYS_SEARCH_USER_PATHS = NO;
				CLANG_ANALYZER_NONNULL = YES;
				CLANG_ANALYZER_NUMBER_OBJECT_CONVERSION = YES_AGGRESSIVE;
				CLANG_CXX_LANGUAGE_STANDARD = "gnu++20";
				CLANG_ENABLE_MODULES = YES;
				CLANG_ENABLE_OBJC_ARC = YES;
				CLANG_ENABLE_OBJC_WEAK = YES;
				CLANG_WARN_BLOCK_CAPTURE_AUTORELEASING = YES;
				CLANG_WARN_BOOL_CONVERSION = YES;
				CLANG_WARN_COMMA = YES;
				CLANG_WARN_CONSTANT_CONVERSION = YES;
				CLANG_WARN_DEPRECATED_OBJC_IMPLEMENTATIONS = YES;
				CLANG_WARN_DIRECT_OBJC_ISA_USAGE = YES_ERROR;
				CLANG_WARN_DOCUMENTATION_COMMENTS = YES;
				CLANG_WARN_EMPTY_BODY = YES;
				CLANG_WARN_ENUM_CONVERSION = YES;
				CLANG_WARN_INFINITE_RECURSION = YES;
				CLANG_WARN_INT_CONVERSION = YES;
				CLANG_WARN_NON_LITERAL_NULL_CONVERSION = YES;
				CLANG_WARN_OBJC_IMPLICIT_RETAIN_SELF = YES;
				CLANG_WARN_OBJC_LITERAL_CONVERSION = YES;
				CLANG_WARN_OBJC_ROOT_CLASS = YES_ERROR;
				CLANG_WARN_QUOTED_INCLUDE_IN_FRAMEWORK_HEADER = YES;
				CLANG_WARN_RANGE_LOOP_ANALYSIS = YES;
				CLANG_WARN_STRICT_PROTOTYPES = YES;
				CLANG_WARN_SUSPICIOUS_MOVE = YES;
				CLANG_WARN_UNGUARDED_AVAILABILITY = YES_AGGRESSIVE;
				CLANG_WARN_UNREACHABLE_CODE = YES;
				CLANG_WARN__DUPLICATE_METHOD_MATCH = YES;
				COPY_PHASE_STRIP = NO;
				DEBUG_INFORMATION_FORMAT = "dwarf-with-dsym";
				ENABLE_NS_ASSERTIONS = NO;
				ENABLE_STRICT_OBJC_MSGSEND = YES;
				GCC_C_LANGUAGE_STANDARD = gnu11;
				GCC_NO_COMMON_BLOCKS = YES;
				GCC_WARN_64_TO_32_BIT_CONVERSION = YES;
				GCC_WARN_ABOUT_RETURN_TYPE = YES_ERROR;
				GCC_WARN_UNDECLARED_SELECTOR = YES;
				GCC_WARN_UNINITIALIZED_AUTOS = YES_AGGRESSIVE;
				GCC_WARN_UNUSED_FUNCTION = YES;
				GCC_WARN_UNUSED_VARIABLE = YES;
				IPHONEOS_DEPLOYMENT_TARGET = 16.0;
				MTL_ENABLE_DEBUG_INFO = NO;
				MTL_FAST_MATH = YES;
				SDKROOT = iphoneos;
				SWIFT_COMPILATION_MODE = wholemodule;
				SWIFT_OPTIMIZATION_LEVEL = "-O";
				VALIDATE_PRODUCT = YES;
			};
			name = Release;
		};
		D8CBE8EF2975A4DE00CBE0BF /* Debug */ = {
			isa = XCBuildConfiguration;
			buildSettings = {
				ASSETCATALOG_COMPILER_APPICON_NAME = AppIcon;
				ASSETCATALOG_COMPILER_GLOBAL_ACCENT_COLOR_NAME = AccentColor;
				CODE_SIGN_STYLE = Automatic;
				CURRENT_PROJECT_VERSION = 1;
				DEVELOPMENT_ASSET_PATHS = "\"FMHotel/Preview Content\"";
				DEVELOPMENT_TEAM = HC6WH4RY5Q;
				ENABLE_PREVIEWS = YES;
				GENERATE_INFOPLIST_FILE = YES;
				INFOPLIST_KEY_UIApplicationSceneManifest_Generation = YES;
				INFOPLIST_KEY_UIApplicationSupportsIndirectInputEvents = YES;
				INFOPLIST_KEY_UILaunchScreen_Generation = YES;
				INFOPLIST_KEY_UISupportedInterfaceOrientations_iPad = "UIInterfaceOrientationPortrait UIInterfaceOrientationPortraitUpsideDown UIInterfaceOrientationLandscapeLeft UIInterfaceOrientationLandscapeRight";
				INFOPLIST_KEY_UISupportedInterfaceOrientations_iPhone = "UIInterfaceOrientationPortrait UIInterfaceOrientationLandscapeLeft UIInterfaceOrientationLandscapeRight";
				LD_RUNPATH_SEARCH_PATHS = (
					"$(inherited)",
					"@executable_path/Frameworks",
				);
				MARKETING_VERSION = 1.0;
				PRODUCT_BUNDLE_IDENTIFIER = com.Rapidash.FMHotel;
				PRODUCT_NAME = "$(TARGET_NAME)";
				SWIFT_EMIT_LOC_STRINGS = YES;
				SWIFT_VERSION = 5.0;
				TARGETED_DEVICE_FAMILY = "1,2";
			};
			name = Debug;
		};
		D8CBE8F02975A4DE00CBE0BF /* Release */ = {
			isa = XCBuildConfiguration;
			buildSettings = {
				ASSETCATALOG_COMPILER_APPICON_NAME = AppIcon;
				ASSETCATALOG_COMPILER_GLOBAL_ACCENT_COLOR_NAME = AccentColor;
				CODE_SIGN_STYLE = Automatic;
				CURRENT_PROJECT_VERSION = 1;
				DEVELOPMENT_ASSET_PATHS = "\"FMHotel/Preview Content\"";
				DEVELOPMENT_TEAM = HC6WH4RY5Q;
				ENABLE_PREVIEWS = YES;
				GENERATE_INFOPLIST_FILE = YES;
				INFOPLIST_KEY_UIApplicationSceneManifest_Generation = YES;
				INFOPLIST_KEY_UIApplicationSupportsIndirectInputEvents = YES;
				INFOPLIST_KEY_UILaunchScreen_Generation = YES;
				INFOPLIST_KEY_UISupportedInterfaceOrientations_iPad = "UIInterfaceOrientationPortrait UIInterfaceOrientationPortraitUpsideDown UIInterfaceOrientationLandscapeLeft UIInterfaceOrientationLandscapeRight";
				INFOPLIST_KEY_UISupportedInterfaceOrientations_iPhone = "UIInterfaceOrientationPortrait UIInterfaceOrientationLandscapeLeft UIInterfaceOrientationLandscapeRight";
				LD_RUNPATH_SEARCH_PATHS = (
					"$(inherited)",
					"@executable_path/Frameworks",
				);
				MARKETING_VERSION = 1.0;
				PRODUCT_BUNDLE_IDENTIFIER = com.Rapidash.FMHotel;
				PRODUCT_NAME = "$(TARGET_NAME)";
				SWIFT_EMIT_LOC_STRINGS = YES;
				SWIFT_VERSION = 5.0;
				TARGETED_DEVICE_FAMILY = "1,2";
			};
			name = Release;
		};
/* End XCBuildConfiguration section */

/* Begin XCConfigurationList section */
		D8CBE8DB2975A4DD00CBE0BF /* Build configuration list for PBXProject "FMHotel" */ = {
			isa = XCConfigurationList;
			buildConfigurations = (
				D8CBE8EC2975A4DE00CBE0BF /* Debug */,
				D8CBE8ED2975A4DE00CBE0BF /* Release */,
			);
			defaultConfigurationIsVisible = 0;
			defaultConfigurationName = Release;
		};
		D8CBE8EE2975A4DE00CBE0BF /* Build configuration list for PBXNativeTarget "FMHotel" */ = {
			isa = XCConfigurationList;
			buildConfigurations = (
				D8CBE8EF2975A4DE00CBE0BF /* Debug */,
				D8CBE8F02975A4DE00CBE0BF /* Release */,
			);
			defaultConfigurationIsVisible = 0;
			defaultConfigurationName = Release;
		};
/* End XCConfigurationList section */

/* Begin XCRemoteSwiftPackageReference section */
		D8CBE8F12975A50E00CBE0BF /* XCRemoteSwiftPackageReference "FMProKit" */ = {
			isa = XCRemoteSwiftPackageReference;
			repositoryURL = "https://github.com/The-Pier/FMProKit";
			requirement = {
				branch = main;
				kind = branch;
			};
		};
/* End XCRemoteSwiftPackageReference section */

/* Begin XCSwiftPackageProductDependency section */
		D8CBE8F22975A50E00CBE0BF /* FMProKit */ = {
			isa = XCSwiftPackageProductDependency;
			package = D8CBE8F12975A50E00CBE0BF /* XCRemoteSwiftPackageReference "FMProKit" */;
			productName = FMProKit;
		};
/* End XCSwiftPackageProductDependency section */
	};
	rootObject = D8CBE8D82975A4DD00CBE0BF /* Project object */;
}
